
Microsoft Visual Studio Solution File, Format Version 12.00
# Visual Studio Version 17
VisualStudioVersion = 17.9.34616.47
MinimumVisualStudioVersion = 10.0.40219.1
Project("{2150E333-8FDC-42A3-9474-1A3956D46DE8}") = "Core", "Core", "{C2838FC1-81D0-40C2-8F05-6B40DB569073}"
EndProject
Project("{2150E333-8FDC-42A3-9474-1A3956D46DE8}") = "Infrasrtucture", "Infrasrtucture", "{E710EC0E-AADD-4222-8107-1EB930FFCCBF}"
EndProject
Project("{2150E333-8FDC-42A3-9474-1A3956D46DE8}") = "Presentation", "Presentation", "{DCDD8202-2DDB-4B34-8800-3F80D424ED2A}"
EndProject
Project("{2150E333-8FDC-42A3-9474-1A3956D46DE8}") = "Tests", "Tests", "{D094AA03-24DB-46C7-97CA-FDF7C9AB8F75}"
EndProject
Project("{FAE04EC0-301F-11D3-BF4B-00C04F79EFBC}") = "Notes.Domain", "Core.Domain\Notes.Domain.csproj", "{201F4FB3-5437-49DD-9026-80A97081D6E9}"
EndProject
Project("{FAE04EC0-301F-11D3-BF4B-00C04F79EFBC}") = "Notes.Application", "Notes.Application\Notes.Application.csproj", "{2A34DB64-1487-4A71-A4F0-EBF53D9E0E81}"
EndProject
Project("{FAE04EC0-301F-11D3-BF4B-00C04F79EFBC}") = "Notes.Persistence", "Notes.Persistence\Notes.Persistence.csproj", "{AF07831C-6CFB-4E90-BFED-00ADBEB58BF8}"
EndProject
Project("{F2A71F9B-5D33-465A-A702-920D77279786}") = "Notes.WebAPI", "Notes.WebAPI\Notes.WebAPI.fsproj", "{E2BDD0EE-84E2-4DA0-A799-FB154B01405F}"
EndProject
Global
	GlobalSection(SolutionConfigurationPlatforms) = preSolution
		Debug|Any CPU = Debug|Any CPU
		Release|Any CPU = Release|Any CPU
	EndGlobalSection
	GlobalSection(ProjectConfigurationPlatforms) = postSolution
		{201F4FB3-5437-49DD-9026-80A97081D6E9}.Debug|Any CPU.ActiveCfg = Debug|Any CPU
		{201F4FB3-5437-49DD-9026-80A97081D6E9}.Debug|Any CPU.Build.0 = Debug|Any CPU
		{201F4FB3-5437-49DD-9026-80A97081D6E9}.Release|Any CPU.ActiveCfg = Release|Any CPU
		{201F4FB3-5437-49DD-9026-80A97081D6E9}.Release|Any CPU.Build.0 = Release|Any CPU
		{2A34DB64-1487-4A71-A4F0-EBF53D9E0E81}.Debug|Any CPU.ActiveCfg = Debug|Any CPU
		{2A34DB64-1487-4A71-A4F0-EBF53D9E0E81}.Debug|Any CPU.Build.0 = Debug|Any CPU
		{2A34DB64-1487-4A71-A4F0-EBF53D9E0E81}.Release|Any CPU.ActiveCfg = Release|Any CPU
		{2A34DB64-1487-4A71-A4F0-EBF53D9E0E81}.Release|Any CPU.Build.0 = Release|Any CPU
		{AF07831C-6CFB-4E90-BFED-00ADBEB58BF8}.Debug|Any CPU.ActiveCfg = Debug|Any CPU
		{AF07831C-6CFB-4E90-BFED-00ADBEB58BF8}.Debug|Any CPU.Build.0 = Debug|Any CPU
		{AF07831C-6CFB-4E90-BFED-00ADBEB58BF8}.Release|Any CPU.ActiveCfg = Release|Any CPU
		{AF07831C-6CFB-4E90-BFED-00ADBEB58BF8}.Release|Any CPU.Build.0 = Release|Any CPU
		{E2BDD0EE-84E2-4DA0-A799-FB154B01405F}.Debug|Any CPU.ActiveCfg = Debug|Any CPU
		{E2BDD0EE-84E2-4DA0-A799-FB154B01405F}.Debug|Any CPU.Build.0 = Debug|Any CPU
		{E2BDD0EE-84E2-4DA0-A799-FB154B01405F}.Release|Any CPU.ActiveCfg = Release|Any CPU
		{E2BDD0EE-84E2-4DA0-A799-FB154B01405F}.Release|Any CPU.Build.0 = Release|Any CPU
	EndGlobalSection
	GlobalSection(SolutionProperties) = preSolution
		HideSolutionNode = FALSE
	EndGlobalSection
	GlobalSection(NestedProjects) = preSolution
		{201F4FB3-5437-49DD-9026-80A97081D6E9} = {C2838FC1-81D0-40C2-8F05-6B40DB569073}
		{2A34DB64-1487-4A71-A4F0-EBF53D9E0E81} = {C2838FC1-81D0-40C2-8F05-6B40DB569073}
		{AF07831C-6CFB-4E90-BFED-00ADBEB58BF8} = {E710EC0E-AADD-4222-8107-1EB930FFCCBF}
		{E2BDD0EE-84E2-4DA0-A799-FB154B01405F} = {DCDD8202-2DDB-4B34-8800-3F80D424ED2A}
	EndGlobalSection
	GlobalSection(ExtensibilityGlobals) = postSolution
		SolutionGuid = {5AABF37D-4F5C-4877-80A2-389B8790BEC5}
	EndGlobalSection
EndGlobal
